
Microsoft Visual Studio Solution File, Format Version 12.00
# Visual Studio Version 17
VisualStudioVersion = 17.9.34902.65
MinimumVisualStudioVersion = 10.0.40219.1
Project("{9A19103F-16F7-4668-BE54-9A1E7A4F7556}") = "DSoft.Datatypes.Grid", "DSoft.Datatypes.Grid\DSoft.Datatypes.Grid.csproj", "{6ED1747B-4DF9-4B64-997C-616FFD087B2E}"
EndProject
Project("{9A19103F-16F7-4668-BE54-9A1E7A4F7556}") = "DSoft.Themes", "DSoft.Themes\DSoft.Themes.csproj", "{52C0D9D1-737D-4AB5-8D19-0A31798870CA}"
EndProject
Project("{9A19103F-16F7-4668-BE54-9A1E7A4F7556}") = "DSoft.UI.iOS", "DSoft.UI.iOS\DSoft.UI.iOS.csproj", "{792E63A8-59BC-4C4C-B033-E4376B5CECC2}"
EndProject
Project("{2150E333-8FDC-42A3-9474-1A3956D46DE8}") = ".ci", ".ci", "{572E36BC-901E-44BF-9CFB-98457D63242F}"
EndProject
Project("{2150E333-8FDC-42A3-9474-1A3956D46DE8}") = "Samples", "Samples", "{E58219D1-7024-40BE-9D6A-68EEC0EAFCFD}"
EndProject
Project("{9A19103F-16F7-4668-BE54-9A1E7A4F7556}") = "DSoft.Datatypes", "DSoft.Datatypes\DSoft.Datatypes.csproj", "{19ED40FB-02DD-44E5-A63F-7F28DE883AFE}"
EndProject
Global
	GlobalSection(SolutionConfigurationPlatforms) = preSolution
		Ad-Hoc|Any CPU = Ad-Hoc|Any CPU
		Ad-Hoc|iPhone = Ad-Hoc|iPhone
		Ad-Hoc|iPhoneSimulator = Ad-Hoc|iPhoneSimulator
		AppStore|Any CPU = AppStore|Any CPU
		AppStore|iPhone = AppStore|iPhone
		AppStore|iPhoneSimulator = AppStore|iPhoneSimulator
		Debug|Any CPU = Debug|Any CPU
		Debug|iPhone = Debug|iPhone
		Debug|iPhoneSimulator = Debug|iPhoneSimulator
		DebugAndroid|Any CPU = DebugAndroid|Any CPU
		DebugAndroid|iPhone = DebugAndroid|iPhone
		DebugAndroid|iPhoneSimulator = DebugAndroid|iPhoneSimulator
		DebugiOS|Any CPU = DebugiOS|Any CPU
		DebugiOS|iPhone = DebugiOS|iPhone
		DebugiOS|iPhoneSimulator = DebugiOS|iPhoneSimulator
		Release|Any CPU = Release|Any CPU
		Release|iPhone = Release|iPhone
		Release|iPhoneSimulator = Release|iPhoneSimulator
		ReleaseTrial|Any CPU = ReleaseTrial|Any CPU
		ReleaseTrial|iPhone = ReleaseTrial|iPhone
		ReleaseTrial|iPhoneSimulator = ReleaseTrial|iPhoneSimulator
	EndGlobalSection
	GlobalSection(ProjectConfigurationPlatforms) = postSolution
		{6ED1747B-4DF9-4B64-997C-616FFD087B2E}.Ad-Hoc|Any CPU.ActiveCfg = Debug|Any CPU
		{6ED1747B-4DF9-4B64-997C-616FFD087B2E}.Ad-Hoc|Any CPU.Build.0 = Debug|Any CPU
		{6ED1747B-4DF9-4B64-997C-616FFD087B2E}.Ad-Hoc|iPhone.ActiveCfg = Debug|Any CPU
		{6ED1747B-4DF9-4B64-997C-616FFD087B2E}.Ad-Hoc|iPhone.Build.0 = Debug|Any CPU
		{6ED1747B-4DF9-4B64-997C-616FFD087B2E}.Ad-Hoc|iPhoneSimulator.ActiveCfg = Debug|Any CPU
		{6ED1747B-4DF9-4B64-997C-616FFD087B2E}.Ad-Hoc|iPhoneSimulator.Build.0 = Debug|Any CPU
		{6ED1747B-4DF9-4B64-997C-616FFD087B2E}.AppStore|Any CPU.ActiveCfg = Debug|Any CPU
		{6ED1747B-4DF9-4B64-997C-616FFD087B2E}.AppStore|Any CPU.Build.0 = Debug|Any CPU
		{6ED1747B-4DF9-4B64-997C-616FFD087B2E}.AppStore|iPhone.ActiveCfg = Debug|Any CPU
		{6ED1747B-4DF9-4B64-997C-616FFD087B2E}.AppStore|iPhone.Build.0 = Debug|Any CPU
		{6ED1747B-4DF9-4B64-997C-616FFD087B2E}.AppStore|iPhoneSimulator.ActiveCfg = Debug|Any CPU
		{6ED1747B-4DF9-4B64-997C-616FFD087B2E}.AppStore|iPhoneSimulator.Build.0 = Debug|Any CPU
		{6ED1747B-4DF9-4B64-997C-616FFD087B2E}.Debug|Any CPU.ActiveCfg = Debug|Any CPU
		{6ED1747B-4DF9-4B64-997C-616FFD087B2E}.Debug|Any CPU.Build.0 = Debug|Any CPU
		{6ED1747B-4DF9-4B64-997C-616FFD087B2E}.Debug|iPhone.ActiveCfg = Debug|Any CPU
		{6ED1747B-4DF9-4B64-997C-616FFD087B2E}.Debug|iPhone.Build.0 = Debug|Any CPU
		{6ED1747B-4DF9-4B64-997C-616FFD087B2E}.Debug|iPhoneSimulator.ActiveCfg = Debug|Any CPU
		{6ED1747B-4DF9-4B64-997C-616FFD087B2E}.Debug|iPhoneSimulator.Build.0 = Debug|Any CPU
		{6ED1747B-4DF9-4B64-997C-616FFD087B2E}.DebugAndroid|Any CPU.ActiveCfg = Debug|Any CPU
		{6ED1747B-4DF9-4B64-997C-616FFD087B2E}.DebugAndroid|Any CPU.Build.0 = Debug|Any CPU
		{6ED1747B-4DF9-4B64-997C-616FFD087B2E}.DebugAndroid|iPhone.ActiveCfg = Debug|Any CPU
		{6ED1747B-4DF9-4B64-997C-616FFD087B2E}.DebugAndroid|iPhone.Build.0 = Debug|Any CPU
		{6ED1747B-4DF9-4B64-997C-616FFD087B2E}.DebugAndroid|iPhoneSimulator.ActiveCfg = Debug|Any CPU
		{6ED1747B-4DF9-4B64-997C-616FFD087B2E}.DebugAndroid|iPhoneSimulator.Build.0 = Debug|Any CPU
		{6ED1747B-4DF9-4B64-997C-616FFD087B2E}.DebugiOS|Any CPU.ActiveCfg = Debug|Any CPU
		{6ED1747B-4DF9-4B64-997C-616FFD087B2E}.DebugiOS|Any CPU.Build.0 = Debug|Any CPU
		{6ED1747B-4DF9-4B64-997C-616FFD087B2E}.DebugiOS|iPhone.ActiveCfg = Debug|Any CPU
		{6ED1747B-4DF9-4B64-997C-616FFD087B2E}.DebugiOS|iPhone.Build.0 = Debug|Any CPU
		{6ED1747B-4DF9-4B64-997C-616FFD087B2E}.DebugiOS|iPhoneSimulator.ActiveCfg = Debug|Any CPU
		{6ED1747B-4DF9-4B64-997C-616FFD087B2E}.DebugiOS|iPhoneSimulator.Build.0 = Debug|Any CPU
		{6ED1747B-4DF9-4B64-997C-616FFD087B2E}.Release|Any CPU.ActiveCfg = Release|Any CPU
		{6ED1747B-4DF9-4B64-997C-616FFD087B2E}.Release|Any CPU.Build.0 = Release|Any CPU
		{6ED1747B-4DF9-4B64-997C-616FFD087B2E}.Release|iPhone.ActiveCfg = Release|Any CPU
		{6ED1747B-4DF9-4B64-997C-616FFD087B2E}.Release|iPhone.Build.0 = Release|Any CPU
		{6ED1747B-4DF9-4B64-997C-616FFD087B2E}.Release|iPhoneSimulator.ActiveCfg = Release|Any CPU
		{6ED1747B-4DF9-4B64-997C-616FFD087B2E}.Release|iPhoneSimulator.Build.0 = Release|Any CPU
		{6ED1747B-4DF9-4B64-997C-616FFD087B2E}.ReleaseTrial|Any CPU.ActiveCfg = Release|Any CPU
		{6ED1747B-4DF9-4B64-997C-616FFD087B2E}.ReleaseTrial|Any CPU.Build.0 = Release|Any CPU
		{6ED1747B-4DF9-4B64-997C-616FFD087B2E}.ReleaseTrial|iPhone.ActiveCfg = Release|Any CPU
		{6ED1747B-4DF9-4B64-997C-616FFD087B2E}.ReleaseTrial|iPhone.Build.0 = Release|Any CPU
		{6ED1747B-4DF9-4B64-997C-616FFD087B2E}.ReleaseTrial|iPhoneSimulator.ActiveCfg = Release|Any CPU
		{6ED1747B-4DF9-4B64-997C-616FFD087B2E}.ReleaseTrial|iPhoneSimulator.Build.0 = Release|Any CPU
		{52C0D9D1-737D-4AB5-8D19-0A31798870CA}.Ad-Hoc|Any CPU.ActiveCfg = Release|Any CPU
		{52C0D9D1-737D-4AB5-8D19-0A31798870CA}.Ad-Hoc|Any CPU.Build.0 = Release|Any CPU
		{52C0D9D1-737D-4AB5-8D19-0A31798870CA}.Ad-Hoc|iPhone.ActiveCfg = Debug|Any CPU
		{52C0D9D1-737D-4AB5-8D19-0A31798870CA}.Ad-Hoc|iPhone.Build.0 = Debug|Any CPU
		{52C0D9D1-737D-4AB5-8D19-0A31798870CA}.Ad-Hoc|iPhoneSimulator.ActiveCfg = Release|Any CPU
		{52C0D9D1-737D-4AB5-8D19-0A31798870CA}.Ad-Hoc|iPhoneSimulator.Build.0 = Release|Any CPU
		{52C0D9D1-737D-4AB5-8D19-0A31798870CA}.AppStore|Any CPU.ActiveCfg = Release|Any CPU
		{52C0D9D1-737D-4AB5-8D19-0A31798870CA}.AppStore|Any CPU.Build.0 = Release|Any CPU
		{52C0D9D1-737D-4AB5-8D19-0A31798870CA}.AppStore|iPhone.ActiveCfg = Debug|Any CPU
		{52C0D9D1-737D-4AB5-8D19-0A31798870CA}.AppStore|iPhone.Build.0 = Debug|Any CPU
		{52C0D9D1-737D-4AB5-8D19-0A31798870CA}.AppStore|iPhoneSimulator.ActiveCfg = Debug|Any CPU
		{52C0D9D1-737D-4AB5-8D19-0A31798870CA}.AppStore|iPhoneSimulator.Build.0 = Debug|Any CPU
		{52C0D9D1-737D-4AB5-8D19-0A31798870CA}.Debug|Any CPU.ActiveCfg = Debug|Any CPU
		{52C0D9D1-737D-4AB5-8D19-0A31798870CA}.Debug|Any CPU.Build.0 = Debug|Any CPU
		{52C0D9D1-737D-4AB5-8D19-0A31798870CA}.Debug|iPhone.ActiveCfg = Debug|Any CPU
		{52C0D9D1-737D-4AB5-8D19-0A31798870CA}.Debug|iPhone.Build.0 = Debug|Any CPU
		{52C0D9D1-737D-4AB5-8D19-0A31798870CA}.Debug|iPhoneSimulator.ActiveCfg = Debug|Any CPU
		{52C0D9D1-737D-4AB5-8D19-0A31798870CA}.Debug|iPhoneSimulator.Build.0 = Debug|Any CPU
		{52C0D9D1-737D-4AB5-8D19-0A31798870CA}.DebugAndroid|Any CPU.ActiveCfg = Debug|Any CPU
		{52C0D9D1-737D-4AB5-8D19-0A31798870CA}.DebugAndroid|Any CPU.Build.0 = Debug|Any CPU
		{52C0D9D1-737D-4AB5-8D19-0A31798870CA}.DebugAndroid|iPhone.ActiveCfg = Debug|Any CPU
		{52C0D9D1-737D-4AB5-8D19-0A31798870CA}.DebugAndroid|iPhone.Build.0 = Debug|Any CPU
		{52C0D9D1-737D-4AB5-8D19-0A31798870CA}.DebugAndroid|iPhoneSimulator.ActiveCfg = Debug|Any CPU
		{52C0D9D1-737D-4AB5-8D19-0A31798870CA}.DebugAndroid|iPhoneSimulator.Build.0 = Debug|Any CPU
		{52C0D9D1-737D-4AB5-8D19-0A31798870CA}.DebugiOS|Any CPU.ActiveCfg = Release|Any CPU
		{52C0D9D1-737D-4AB5-8D19-0A31798870CA}.DebugiOS|Any CPU.Build.0 = Release|Any CPU
		{52C0D9D1-737D-4AB5-8D19-0A31798870CA}.DebugiOS|iPhone.ActiveCfg = Release|Any CPU
		{52C0D9D1-737D-4AB5-8D19-0A31798870CA}.DebugiOS|iPhone.Build.0 = Release|Any CPU
		{52C0D9D1-737D-4AB5-8D19-0A31798870CA}.DebugiOS|iPhoneSimulator.ActiveCfg = Release|Any CPU
		{52C0D9D1-737D-4AB5-8D19-0A31798870CA}.DebugiOS|iPhoneSimulator.Build.0 = Release|Any CPU
		{52C0D9D1-737D-4AB5-8D19-0A31798870CA}.Release|Any CPU.ActiveCfg = Release|Any CPU
		{52C0D9D1-737D-4AB5-8D19-0A31798870CA}.Release|Any CPU.Build.0 = Release|Any CPU
		{52C0D9D1-737D-4AB5-8D19-0A31798870CA}.Release|iPhone.ActiveCfg = Release|Any CPU
		{52C0D9D1-737D-4AB5-8D19-0A31798870CA}.Release|iPhone.Build.0 = Release|Any CPU
		{52C0D9D1-737D-4AB5-8D19-0A31798870CA}.Release|iPhoneSimulator.ActiveCfg = Release|Any CPU
		{52C0D9D1-737D-4AB5-8D19-0A31798870CA}.Release|iPhoneSimulator.Build.0 = Release|Any CPU
		{52C0D9D1-737D-4AB5-8D19-0A31798870CA}.ReleaseTrial|Any CPU.ActiveCfg = Release|Any CPU
		{52C0D9D1-737D-4AB5-8D19-0A31798870CA}.ReleaseTrial|Any CPU.Build.0 = Release|Any CPU
		{52C0D9D1-737D-4AB5-8D19-0A31798870CA}.ReleaseTrial|iPhone.ActiveCfg = Release|Any CPU
		{52C0D9D1-737D-4AB5-8D19-0A31798870CA}.ReleaseTrial|iPhone.Build.0 = Release|Any CPU
		{52C0D9D1-737D-4AB5-8D19-0A31798870CA}.ReleaseTrial|iPhoneSimulator.ActiveCfg = Release|Any CPU
		{52C0D9D1-737D-4AB5-8D19-0A31798870CA}.ReleaseTrial|iPhoneSimulator.Build.0 = Release|Any CPU
		{792E63A8-59BC-4C4C-B033-E4376B5CECC2}.Ad-Hoc|Any CPU.ActiveCfg = ReleaseTrial|Any CPU
		{792E63A8-59BC-4C4C-B033-E4376B5CECC2}.Ad-Hoc|Any CPU.Build.0 = ReleaseTrial|Any CPU
		{792E63A8-59BC-4C4C-B033-E4376B5CECC2}.Ad-Hoc|iPhone.ActiveCfg = Debug|Any CPU
		{792E63A8-59BC-4C4C-B033-E4376B5CECC2}.Ad-Hoc|iPhone.Build.0 = Debug|Any CPU
		{792E63A8-59BC-4C4C-B033-E4376B5CECC2}.Ad-Hoc|iPhoneSimulator.ActiveCfg = ReleaseTrial|Any CPU
		{792E63A8-59BC-4C4C-B033-E4376B5CECC2}.Ad-Hoc|iPhoneSimulator.Build.0 = ReleaseTrial|Any CPU
		{792E63A8-59BC-4C4C-B033-E4376B5CECC2}.AppStore|Any CPU.ActiveCfg = ReleaseTrial|Any CPU
		{792E63A8-59BC-4C4C-B033-E4376B5CECC2}.AppStore|Any CPU.Build.0 = ReleaseTrial|Any CPU
		{792E63A8-59BC-4C4C-B033-E4376B5CECC2}.AppStore|iPhone.ActiveCfg = Debug|Any CPU
		{792E63A8-59BC-4C4C-B033-E4376B5CECC2}.AppStore|iPhone.Build.0 = Debug|Any CPU
		{792E63A8-59BC-4C4C-B033-E4376B5CECC2}.AppStore|iPhoneSimulator.ActiveCfg = Debug|Any CPU
		{792E63A8-59BC-4C4C-B033-E4376B5CECC2}.AppStore|iPhoneSimulator.Build.0 = Debug|Any CPU
		{792E63A8-59BC-4C4C-B033-E4376B5CECC2}.Debug|Any CPU.ActiveCfg = Debug|Any CPU
		{792E63A8-59BC-4C4C-B033-E4376B5CECC2}.Debug|Any CPU.Build.0 = Debug|Any CPU
		{792E63A8-59BC-4C4C-B033-E4376B5CECC2}.Debug|iPhone.ActiveCfg = Debug|Any CPU
		{792E63A8-59BC-4C4C-B033-E4376B5CECC2}.Debug|iPhone.Build.0 = Debug|Any CPU
		{792E63A8-59BC-4C4C-B033-E4376B5CECC2}.Debug|iPhoneSimulator.ActiveCfg = Debug|Any CPU
		{792E63A8-59BC-4C4C-B033-E4376B5CECC2}.Debug|iPhoneSimulator.Build.0 = Debug|Any CPU
		{792E63A8-59BC-4C4C-B033-E4376B5CECC2}.DebugAndroid|Any CPU.ActiveCfg = Debug|Any CPU
		{792E63A8-59BC-4C4C-B033-E4376B5CECC2}.DebugAndroid|Any CPU.Build.0 = Debug|Any CPU
		{792E63A8-59BC-4C4C-B033-E4376B5CECC2}.DebugAndroid|iPhone.ActiveCfg = Debug|Any CPU
		{792E63A8-59BC-4C4C-B033-E4376B5CECC2}.DebugAndroid|iPhone.Build.0 = Debug|Any CPU
		{792E63A8-59BC-4C4C-B033-E4376B5CECC2}.DebugAndroid|iPhoneSimulator.ActiveCfg = Debug|Any CPU
		{792E63A8-59BC-4C4C-B033-E4376B5CECC2}.DebugAndroid|iPhoneSimulator.Build.0 = Debug|Any CPU
		{792E63A8-59BC-4C4C-B033-E4376B5CECC2}.DebugiOS|Any CPU.ActiveCfg = Release|Any CPU
		{792E63A8-59BC-4C4C-B033-E4376B5CECC2}.DebugiOS|Any CPU.Build.0 = Release|Any CPU
		{792E63A8-59BC-4C4C-B033-E4376B5CECC2}.DebugiOS|iPhone.ActiveCfg = Release|Any CPU
		{792E63A8-59BC-4C4C-B033-E4376B5CECC2}.DebugiOS|iPhone.Build.0 = Release|Any CPU
		{792E63A8-59BC-4C4C-B033-E4376B5CECC2}.DebugiOS|iPhoneSimulator.ActiveCfg = Release|Any CPU
		{792E63A8-59BC-4C4C-B033-E4376B5CECC2}.DebugiOS|iPhoneSimulator.Build.0 = Release|Any CPU
		{792E63A8-59BC-4C4C-B033-E4376B5CECC2}.Release|Any CPU.ActiveCfg = Release|Any CPU
		{792E63A8-59BC-4C4C-B033-E4376B5CECC2}.Release|Any CPU.Build.0 = Release|Any CPU
		{792E63A8-59BC-4C4C-B033-E4376B5CECC2}.Release|iPhone.ActiveCfg = Release|Any CPU
		{792E63A8-59BC-4C4C-B033-E4376B5CECC2}.Release|iPhone.Build.0 = Release|Any CPU
		{792E63A8-59BC-4C4C-B033-E4376B5CECC2}.Release|iPhoneSimulator.ActiveCfg = Release|Any CPU
		{792E63A8-59BC-4C4C-B033-E4376B5CECC2}.Release|iPhoneSimulator.Build.0 = Release|Any CPU
		{792E63A8-59BC-4C4C-B033-E4376B5CECC2}.ReleaseTrial|Any CPU.ActiveCfg = ReleaseTrial|Any CPU
		{792E63A8-59BC-4C4C-B033-E4376B5CECC2}.ReleaseTrial|Any CPU.Build.0 = ReleaseTrial|Any CPU
		{792E63A8-59BC-4C4C-B033-E4376B5CECC2}.ReleaseTrial|iPhone.ActiveCfg = ReleaseTrial|Any CPU
		{792E63A8-59BC-4C4C-B033-E4376B5CECC2}.ReleaseTrial|iPhone.Build.0 = ReleaseTrial|Any CPU
		{792E63A8-59BC-4C4C-B033-E4376B5CECC2}.ReleaseTrial|iPhoneSimulator.ActiveCfg = ReleaseTrial|Any CPU
		{792E63A8-59BC-4C4C-B033-E4376B5CECC2}.ReleaseTrial|iPhoneSimulator.Build.0 = ReleaseTrial|Any CPU
		{19ED40FB-02DD-44E5-A63F-7F28DE883AFE}.Ad-Hoc|Any CPU.ActiveCfg = Debug|Any CPU
		{19ED40FB-02DD-44E5-A63F-7F28DE883AFE}.Ad-Hoc|Any CPU.Build.0 = Debug|Any CPU
		{19ED40FB-02DD-44E5-A63F-7F28DE883AFE}.Ad-Hoc|iPhone.ActiveCfg = Debug|Any CPU
		{19ED40FB-02DD-44E5-A63F-7F28DE883AFE}.Ad-Hoc|iPhone.Build.0 = Debug|Any CPU
		{19ED40FB-02DD-44E5-A63F-7F28DE883AFE}.Ad-Hoc|iPhoneSimulator.ActiveCfg = Debug|Any CPU
		{19ED40FB-02DD-44E5-A63F-7F28DE883AFE}.Ad-Hoc|iPhoneSimulator.Build.0 = Debug|Any CPU
		{19ED40FB-02DD-44E5-A63F-7F28DE883AFE}.AppStore|Any CPU.ActiveCfg = Debug|Any CPU
		{19ED40FB-02DD-44E5-A63F-7F28DE883AFE}.AppStore|Any CPU.Build.0 = Debug|Any CPU
		{19ED40FB-02DD-44E5-A63F-7F28DE883AFE}.AppStore|iPhone.ActiveCfg = Debug|Any CPU
		{19ED40FB-02DD-44E5-A63F-7F28DE883AFE}.AppStore|iPhone.Build.0 = Debug|Any CPU
		{19ED40FB-02DD-44E5-A63F-7F28DE883AFE}.AppStore|iPhoneSimulator.ActiveCfg = Debug|Any CPU
		{19ED40FB-02DD-44E5-A63F-7F28DE883AFE}.AppStore|iPhoneSimulator.Build.0 = Debug|Any CPU
		{19ED40FB-02DD-44E5-A63F-7F28DE883AFE}.Debug|Any CPU.ActiveCfg = Debug|Any CPU
		{19ED40FB-02DD-44E5-A63F-7F28DE883AFE}.Debug|Any CPU.Build.0 = Debug|Any CPU
		{19ED40FB-02DD-44E5-A63F-7F28DE883AFE}.Debug|iPhone.ActiveCfg = Debug|Any CPU
		{19ED40FB-02DD-44E5-A63F-7F28DE883AFE}.Debug|iPhone.Build.0 = Debug|Any CPU
		{19ED40FB-02DD-44E5-A63F-7F28DE883AFE}.Debug|iPhoneSimulator.ActiveCfg = Debug|Any CPU
		{19ED40FB-02DD-44E5-A63F-7F28DE883AFE}.Debug|iPhoneSimulator.Build.0 = Debug|Any CPU
		{19ED40FB-02DD-44E5-A63F-7F28DE883AFE}.DebugAndroid|Any CPU.ActiveCfg = Debug|Any CPU
		{19ED40FB-02DD-44E5-A63F-7F28DE883AFE}.DebugAndroid|Any CPU.Build.0 = Debug|Any CPU
		{19ED40FB-02DD-44E5-A63F-7F28DE883AFE}.DebugAndroid|iPhone.ActiveCfg = Debug|Any CPU
		{19ED40FB-02DD-44E5-A63F-7F28DE883AFE}.DebugAndroid|iPhone.Build.0 = Debug|Any CPU
		{19ED40FB-02DD-44E5-A63F-7F28DE883AFE}.DebugAndroid|iPhoneSimulator.ActiveCfg = Debug|Any CPU
		{19ED40FB-02DD-44E5-A63F-7F28DE883AFE}.DebugAndroid|iPhoneSimulator.Build.0 = Debug|Any CPU
		{19ED40FB-02DD-44E5-A63F-7F28DE883AFE}.DebugiOS|Any CPU.ActiveCfg = Debug|Any CPU
		{19ED40FB-02DD-44E5-A63F-7F28DE883AFE}.DebugiOS|Any CPU.Build.0 = Debug|Any CPU
		{19ED40FB-02DD-44E5-A63F-7F28DE883AFE}.DebugiOS|iPhone.ActiveCfg = Debug|Any CPU
		{19ED40FB-02DD-44E5-A63F-7F28DE883AFE}.DebugiOS|iPhone.Build.0 = Debug|Any CPU
		{19ED40FB-02DD-44E5-A63F-7F28DE883AFE}.DebugiOS|iPhoneSimulator.ActiveCfg = Debug|Any CPU
		{19ED40FB-02DD-44E5-A63F-7F28DE883AFE}.DebugiOS|iPhoneSimulator.Build.0 = Debug|Any CPU
		{19ED40FB-02DD-44E5-A63F-7F28DE883AFE}.Release|Any CPU.ActiveCfg = Release|Any CPU
		{19ED40FB-02DD-44E5-A63F-7F28DE883AFE}.Release|Any CPU.Build.0 = Release|Any CPU
		{19ED40FB-02DD-44E5-A63F-7F28DE883AFE}.Release|iPhone.ActiveCfg = Release|Any CPU
		{19ED40FB-02DD-44E5-A63F-7F28DE883AFE}.Release|iPhone.Build.0 = Release|Any CPU
		{19ED40FB-02DD-44E5-A63F-7F28DE883AFE}.Release|iPhoneSimulator.ActiveCfg = Release|Any CPU
		{19ED40FB-02DD-44E5-A63F-7F28DE883AFE}.Release|iPhoneSimulator.Build.0 = Release|Any CPU
		{19ED40FB-02DD-44E5-A63F-7F28DE883AFE}.ReleaseTrial|Any CPU.ActiveCfg = Release|Any CPU
		{19ED40FB-02DD-44E5-A63F-7F28DE883AFE}.ReleaseTrial|Any CPU.Build.0 = Release|Any CPU
		{19ED40FB-02DD-44E5-A63F-7F28DE883AFE}.ReleaseTrial|iPhone.ActiveCfg = Release|Any CPU
		{19ED40FB-02DD-44E5-A63F-7F28DE883AFE}.ReleaseTrial|iPhone.Build.0 = Release|Any CPU
		{19ED40FB-02DD-44E5-A63F-7F28DE883AFE}.ReleaseTrial|iPhoneSimulator.ActiveCfg = Release|Any CPU
		{19ED40FB-02DD-44E5-A63F-7F28DE883AFE}.ReleaseTrial|iPhoneSimulator.Build.0 = Release|Any CPU
	EndGlobalSection
	GlobalSection(SolutionProperties) = preSolution
		HideSolutionNode = FALSE
	EndGlobalSection
	GlobalSection(ExtensibilityGlobals) = postSolution
		SolutionGuid = {D5A5DCDD-F6D0-493F-82AC-BB738F80DBC7}
	EndGlobalSection
	GlobalSection(MonoDevelopProperties) = preSolution
		StartupItem = DSoft.Datatypes\DSoft.Datatypes.csproj
		description = DSComponents solution
		version = 3.1.1
	EndGlobalSection
EndGlobal
