
Microsoft Visual Studio Solution File, Format Version 11.00
# Visual Studio 2010
Project("{FAE04EC0-301F-11D3-BF4B-00C04F79EFBC}") = "DSoft.Datatypes", "..\..\src\DSoft.Datatypes\DSoft.Datatypes.csproj", "{43D8A430-2E61-4CEE-B42A-61DC175307B6}"
EndProject
Project("{FAE04EC0-301F-11D3-BF4B-00C04F79EFBC}") = "DSoft.Datatypes.Grid", "..\..\src\DSoft.Datatypes.Grid\DSoft.Datatypes.Grid.csproj", "{7E3547A7-4292-42E9-A509-71D50DCF157F}"
EndProject
Project("{FAE04EC0-301F-11D3-BF4B-00C04F79EFBC}") = "DSoft.Themes", "..\..\src\DSoft.Themes\DSoft.Themes.csproj", "{52C0D9D1-737D-4AB5-8D19-0A31798870CA}"
EndProject
Project("{FAE04EC0-301F-11D3-BF4B-00C04F79EFBC}") = "DSoft.UI.iOS-Classic", "..\..\src\DSoft.UI.iOS\DSoft.UI.iOS-Classic.csproj", "{49BDAB72-0189-422E-A10A-348E40095376}"
EndProject
Project("{FAE04EC0-301F-11D3-BF4B-00C04F79EFBC}") = "DSComponentsSample.iOS-Classic", "DSComponentsSample\DSComponentsSample.iOS-Classic.csproj", "{05973996-666B-44B4-8BE3-D5F1065891B1}"
EndProject
Global
	GlobalSection(SolutionConfigurationPlatforms) = preSolution
		Debug|Any CPU = Debug|Any CPU
		Release|Any CPU = Release|Any CPU
		Debug|iPhoneSimulator = Debug|iPhoneSimulator
		Release|iPhoneSimulator = Release|iPhoneSimulator
		Debug|iPhone = Debug|iPhone
		Release|iPhone = Release|iPhone
		Ad-Hoc|iPhone = Ad-Hoc|iPhone
		AppStore|iPhone = AppStore|iPhone
		ReleaseTrial|iPhoneSimulator = ReleaseTrial|iPhoneSimulator
		ReleaseTrial|iPhone = ReleaseTrial|iPhone
		AppStore|iPhoneSimulator = AppStore|iPhoneSimulator
		DebugiOS|Any CPU = DebugiOS|Any CPU
		DebugiOS|iPhoneSimulator = DebugiOS|iPhoneSimulator
		DebugiOS|iPhone = DebugiOS|iPhone
		DebugAndroid|Any CPU = DebugAndroid|Any CPU
	EndGlobalSection
	GlobalSection(ProjectConfigurationPlatforms) = postSolution
		{05973996-666B-44B4-8BE3-D5F1065891B1}.Ad-Hoc|iPhone.ActiveCfg = Ad-Hoc|iPhone
		{05973996-666B-44B4-8BE3-D5F1065891B1}.Ad-Hoc|iPhone.Build.0 = Ad-Hoc|iPhone
		{05973996-666B-44B4-8BE3-D5F1065891B1}.AppStore|iPhone.ActiveCfg = AppStore|iPhone
		{05973996-666B-44B4-8BE3-D5F1065891B1}.AppStore|iPhone.Build.0 = AppStore|iPhone
		{05973996-666B-44B4-8BE3-D5F1065891B1}.AppStore|iPhoneSimulator.ActiveCfg = Debug|iPhoneSimulator
		{05973996-666B-44B4-8BE3-D5F1065891B1}.AppStore|iPhoneSimulator.Build.0 = Debug|iPhoneSimulator
		{05973996-666B-44B4-8BE3-D5F1065891B1}.Debug|Any CPU.ActiveCfg = Debug|iPhoneSimulator
		{05973996-666B-44B4-8BE3-D5F1065891B1}.Debug|Any CPU.Build.0 = Debug|iPhoneSimulator
		{05973996-666B-44B4-8BE3-D5F1065891B1}.Debug|iPhone.ActiveCfg = Debug|iPhone
		{05973996-666B-44B4-8BE3-D5F1065891B1}.Debug|iPhone.Build.0 = Debug|iPhone
		{05973996-666B-44B4-8BE3-D5F1065891B1}.Debug|iPhoneSimulator.ActiveCfg = Debug|iPhoneSimulator
		{05973996-666B-44B4-8BE3-D5F1065891B1}.Debug|iPhoneSimulator.Build.0 = Debug|iPhoneSimulator
		{05973996-666B-44B4-8BE3-D5F1065891B1}.DebugAndroid|Any CPU.ActiveCfg = Debug|iPhoneSimulator
		{05973996-666B-44B4-8BE3-D5F1065891B1}.DebugAndroid|Any CPU.Build.0 = Debug|iPhoneSimulator
		{05973996-666B-44B4-8BE3-D5F1065891B1}.DebugiOS|Any CPU.ActiveCfg = Debug|iPhoneSimulator
		{05973996-666B-44B4-8BE3-D5F1065891B1}.DebugiOS|Any CPU.Build.0 = Debug|iPhoneSimulator
		{05973996-666B-44B4-8BE3-D5F1065891B1}.DebugiOS|iPhone.ActiveCfg = Release|iPhone
		{05973996-666B-44B4-8BE3-D5F1065891B1}.DebugiOS|iPhone.Build.0 = Release|iPhone
		{05973996-666B-44B4-8BE3-D5F1065891B1}.DebugiOS|iPhoneSimulator.ActiveCfg = Release|iPhoneSimulator
		{05973996-666B-44B4-8BE3-D5F1065891B1}.DebugiOS|iPhoneSimulator.Build.0 = Release|iPhoneSimulator
		{05973996-666B-44B4-8BE3-D5F1065891B1}.Release|Any CPU.ActiveCfg = Release|iPhoneSimulator
		{05973996-666B-44B4-8BE3-D5F1065891B1}.Release|Any CPU.Build.0 = Release|iPhoneSimulator
		{05973996-666B-44B4-8BE3-D5F1065891B1}.Release|iPhone.ActiveCfg = Release|iPhone
		{05973996-666B-44B4-8BE3-D5F1065891B1}.Release|iPhone.Build.0 = Release|iPhone
		{05973996-666B-44B4-8BE3-D5F1065891B1}.Release|iPhoneSimulator.ActiveCfg = Release|iPhoneSimulator
		{05973996-666B-44B4-8BE3-D5F1065891B1}.Release|iPhoneSimulator.Build.0 = Release|iPhoneSimulator
		{05973996-666B-44B4-8BE3-D5F1065891B1}.ReleaseTrial|iPhone.ActiveCfg = Release|iPhone
		{05973996-666B-44B4-8BE3-D5F1065891B1}.ReleaseTrial|iPhone.Build.0 = Release|iPhone
		{05973996-666B-44B4-8BE3-D5F1065891B1}.ReleaseTrial|iPhoneSimulator.ActiveCfg = Release|iPhoneSimulator
		{05973996-666B-44B4-8BE3-D5F1065891B1}.ReleaseTrial|iPhoneSimulator.Build.0 = Release|iPhoneSimulator
		{43D8A430-2E61-4CEE-B42A-61DC175307B6}.Ad-Hoc|iPhone.ActiveCfg = Debug|Any CPU
		{43D8A430-2E61-4CEE-B42A-61DC175307B6}.Ad-Hoc|iPhone.Build.0 = Debug|Any CPU
		{43D8A430-2E61-4CEE-B42A-61DC175307B6}.AppStore|iPhone.ActiveCfg = Debug|Any CPU
		{43D8A430-2E61-4CEE-B42A-61DC175307B6}.AppStore|iPhone.Build.0 = Debug|Any CPU
		{43D8A430-2E61-4CEE-B42A-61DC175307B6}.AppStore|iPhoneSimulator.ActiveCfg = Debug|Any CPU
		{43D8A430-2E61-4CEE-B42A-61DC175307B6}.AppStore|iPhoneSimulator.Build.0 = Debug|Any CPU
		{43D8A430-2E61-4CEE-B42A-61DC175307B6}.Debug|Any CPU.ActiveCfg = Debug|Any CPU
		{43D8A430-2E61-4CEE-B42A-61DC175307B6}.Debug|Any CPU.Build.0 = Debug|Any CPU
		{43D8A430-2E61-4CEE-B42A-61DC175307B6}.Debug|iPhone.ActiveCfg = Debug|Any CPU
		{43D8A430-2E61-4CEE-B42A-61DC175307B6}.Debug|iPhone.Build.0 = Debug|Any CPU
		{43D8A430-2E61-4CEE-B42A-61DC175307B6}.Debug|iPhoneSimulator.ActiveCfg = Debug|Any CPU
		{43D8A430-2E61-4CEE-B42A-61DC175307B6}.Debug|iPhoneSimulator.Build.0 = Debug|Any CPU
		{43D8A430-2E61-4CEE-B42A-61DC175307B6}.DebugAndroid|Any CPU.ActiveCfg = Debug|Any CPU
		{43D8A430-2E61-4CEE-B42A-61DC175307B6}.DebugAndroid|Any CPU.Build.0 = Debug|Any CPU
		{43D8A430-2E61-4CEE-B42A-61DC175307B6}.DebugiOS|Any CPU.ActiveCfg = DebugiOS|Any CPU
		{43D8A430-2E61-4CEE-B42A-61DC175307B6}.DebugiOS|Any CPU.Build.0 = DebugiOS|Any CPU
		{43D8A430-2E61-4CEE-B42A-61DC175307B6}.DebugiOS|iPhone.ActiveCfg = DebugiOS|iPhone
		{43D8A430-2E61-4CEE-B42A-61DC175307B6}.DebugiOS|iPhone.Build.0 = DebugiOS|iPhone
		{43D8A430-2E61-4CEE-B42A-61DC175307B6}.DebugiOS|iPhoneSimulator.ActiveCfg = DebugiOS|iPhoneSimulator
		{43D8A430-2E61-4CEE-B42A-61DC175307B6}.DebugiOS|iPhoneSimulator.Build.0 = DebugiOS|iPhoneSimulator
		{43D8A430-2E61-4CEE-B42A-61DC175307B6}.Release|Any CPU.ActiveCfg = Release|Any CPU
		{43D8A430-2E61-4CEE-B42A-61DC175307B6}.Release|Any CPU.Build.0 = Release|Any CPU
		{43D8A430-2E61-4CEE-B42A-61DC175307B6}.Release|iPhone.ActiveCfg = Release|Any CPU
		{43D8A430-2E61-4CEE-B42A-61DC175307B6}.Release|iPhone.Build.0 = Release|Any CPU
		{43D8A430-2E61-4CEE-B42A-61DC175307B6}.Release|iPhoneSimulator.ActiveCfg = Release|Any CPU
		{43D8A430-2E61-4CEE-B42A-61DC175307B6}.Release|iPhoneSimulator.Build.0 = Release|Any CPU
		{43D8A430-2E61-4CEE-B42A-61DC175307B6}.ReleaseTrial|iPhone.ActiveCfg = ReleaseTrial|iPhone
		{43D8A430-2E61-4CEE-B42A-61DC175307B6}.ReleaseTrial|iPhone.Build.0 = ReleaseTrial|iPhone
		{43D8A430-2E61-4CEE-B42A-61DC175307B6}.ReleaseTrial|iPhoneSimulator.ActiveCfg = ReleaseTrial|iPhoneSimulator
		{43D8A430-2E61-4CEE-B42A-61DC175307B6}.ReleaseTrial|iPhoneSimulator.Build.0 = ReleaseTrial|iPhoneSimulator
		{49BDAB72-0189-422E-A10A-348E40095376}.Ad-Hoc|iPhone.ActiveCfg = Debug|Any CPU
		{49BDAB72-0189-422E-A10A-348E40095376}.Ad-Hoc|iPhone.Build.0 = Debug|Any CPU
		{49BDAB72-0189-422E-A10A-348E40095376}.AppStore|iPhone.ActiveCfg = Debug|Any CPU
		{49BDAB72-0189-422E-A10A-348E40095376}.AppStore|iPhone.Build.0 = Debug|Any CPU
		{49BDAB72-0189-422E-A10A-348E40095376}.AppStore|iPhoneSimulator.ActiveCfg = Debug|Any CPU
		{49BDAB72-0189-422E-A10A-348E40095376}.AppStore|iPhoneSimulator.Build.0 = Debug|Any CPU
		{49BDAB72-0189-422E-A10A-348E40095376}.Debug|Any CPU.ActiveCfg = Debug|Any CPU
		{49BDAB72-0189-422E-A10A-348E40095376}.Debug|Any CPU.Build.0 = Debug|Any CPU
		{49BDAB72-0189-422E-A10A-348E40095376}.Debug|iPhone.ActiveCfg = Debug|Any CPU
		{49BDAB72-0189-422E-A10A-348E40095376}.Debug|iPhone.Build.0 = Debug|Any CPU
		{49BDAB72-0189-422E-A10A-348E40095376}.Debug|iPhoneSimulator.ActiveCfg = Debug|Any CPU
		{49BDAB72-0189-422E-A10A-348E40095376}.Debug|iPhoneSimulator.Build.0 = Debug|Any CPU
		{49BDAB72-0189-422E-A10A-348E40095376}.DebugAndroid|Any CPU.ActiveCfg = Debug|Any CPU
		{49BDAB72-0189-422E-A10A-348E40095376}.DebugAndroid|Any CPU.Build.0 = Debug|Any CPU
		{49BDAB72-0189-422E-A10A-348E40095376}.DebugiOS|Any CPU.ActiveCfg = Release|Any CPU
		{49BDAB72-0189-422E-A10A-348E40095376}.DebugiOS|Any CPU.Build.0 = Release|Any CPU
		{49BDAB72-0189-422E-A10A-348E40095376}.DebugiOS|iPhone.ActiveCfg = Release|Any CPU
		{49BDAB72-0189-422E-A10A-348E40095376}.DebugiOS|iPhone.Build.0 = Release|Any CPU
		{49BDAB72-0189-422E-A10A-348E40095376}.DebugiOS|iPhoneSimulator.ActiveCfg = Release|Any CPU
		{49BDAB72-0189-422E-A10A-348E40095376}.DebugiOS|iPhoneSimulator.Build.0 = Release|Any CPU
		{49BDAB72-0189-422E-A10A-348E40095376}.Release|Any CPU.ActiveCfg = Release|Any CPU
		{49BDAB72-0189-422E-A10A-348E40095376}.Release|Any CPU.Build.0 = Release|Any CPU
		{49BDAB72-0189-422E-A10A-348E40095376}.Release|iPhone.ActiveCfg = Release|Any CPU
		{49BDAB72-0189-422E-A10A-348E40095376}.Release|iPhone.Build.0 = Release|Any CPU
		{49BDAB72-0189-422E-A10A-348E40095376}.Release|iPhoneSimulator.ActiveCfg = Release|Any CPU
		{49BDAB72-0189-422E-A10A-348E40095376}.Release|iPhoneSimulator.Build.0 = Release|Any CPU
		{49BDAB72-0189-422E-A10A-348E40095376}.ReleaseTrial|iPhone.ActiveCfg = ReleaseTrial|Any CPU
		{49BDAB72-0189-422E-A10A-348E40095376}.ReleaseTrial|iPhone.Build.0 = ReleaseTrial|Any CPU
		{49BDAB72-0189-422E-A10A-348E40095376}.ReleaseTrial|iPhoneSimulator.ActiveCfg = ReleaseTrial|Any CPU
		{49BDAB72-0189-422E-A10A-348E40095376}.ReleaseTrial|iPhoneSimulator.Build.0 = ReleaseTrial|Any CPU
		{52C0D9D1-737D-4AB5-8D19-0A31798870CA}.Ad-Hoc|iPhone.ActiveCfg = Debug|Any CPU
		{52C0D9D1-737D-4AB5-8D19-0A31798870CA}.Ad-Hoc|iPhone.Build.0 = Debug|Any CPU
		{52C0D9D1-737D-4AB5-8D19-0A31798870CA}.AppStore|iPhone.ActiveCfg = Debug|Any CPU
		{52C0D9D1-737D-4AB5-8D19-0A31798870CA}.AppStore|iPhone.Build.0 = Debug|Any CPU
		{52C0D9D1-737D-4AB5-8D19-0A31798870CA}.AppStore|iPhoneSimulator.ActiveCfg = Debug|Any CPU
		{52C0D9D1-737D-4AB5-8D19-0A31798870CA}.AppStore|iPhoneSimulator.Build.0 = Debug|Any CPU
		{52C0D9D1-737D-4AB5-8D19-0A31798870CA}.Debug|Any CPU.ActiveCfg = Debug|Any CPU
		{52C0D9D1-737D-4AB5-8D19-0A31798870CA}.Debug|Any CPU.Build.0 = Debug|Any CPU
		{52C0D9D1-737D-4AB5-8D19-0A31798870CA}.Debug|iPhone.ActiveCfg = Debug|Any CPU
		{52C0D9D1-737D-4AB5-8D19-0A31798870CA}.Debug|iPhone.Build.0 = Debug|Any CPU
		{52C0D9D1-737D-4AB5-8D19-0A31798870CA}.Debug|iPhoneSimulator.ActiveCfg = Debug|Any CPU
		{52C0D9D1-737D-4AB5-8D19-0A31798870CA}.Debug|iPhoneSimulator.Build.0 = Debug|Any CPU
		{52C0D9D1-737D-4AB5-8D19-0A31798870CA}.DebugAndroid|Any CPU.ActiveCfg = Debug|Any CPU
		{52C0D9D1-737D-4AB5-8D19-0A31798870CA}.DebugAndroid|Any CPU.Build.0 = Debug|Any CPU
		{52C0D9D1-737D-4AB5-8D19-0A31798870CA}.DebugiOS|Any CPU.ActiveCfg = Release|Any CPU
		{52C0D9D1-737D-4AB5-8D19-0A31798870CA}.DebugiOS|Any CPU.Build.0 = Release|Any CPU
		{52C0D9D1-737D-4AB5-8D19-0A31798870CA}.DebugiOS|iPhone.ActiveCfg = Release|Any CPU
		{52C0D9D1-737D-4AB5-8D19-0A31798870CA}.DebugiOS|iPhone.Build.0 = Release|Any CPU
		{52C0D9D1-737D-4AB5-8D19-0A31798870CA}.DebugiOS|iPhoneSimulator.ActiveCfg = Release|Any CPU
		{52C0D9D1-737D-4AB5-8D19-0A31798870CA}.DebugiOS|iPhoneSimulator.Build.0 = Release|Any CPU
		{52C0D9D1-737D-4AB5-8D19-0A31798870CA}.Release|Any CPU.ActiveCfg = Release|Any CPU
		{52C0D9D1-737D-4AB5-8D19-0A31798870CA}.Release|Any CPU.Build.0 = Release|Any CPU
		{52C0D9D1-737D-4AB5-8D19-0A31798870CA}.Release|iPhone.ActiveCfg = Release|Any CPU
		{52C0D9D1-737D-4AB5-8D19-0A31798870CA}.Release|iPhone.Build.0 = Release|Any CPU
		{52C0D9D1-737D-4AB5-8D19-0A31798870CA}.Release|iPhoneSimulator.ActiveCfg = Release|Any CPU
		{52C0D9D1-737D-4AB5-8D19-0A31798870CA}.Release|iPhoneSimulator.Build.0 = Release|Any CPU
		{52C0D9D1-737D-4AB5-8D19-0A31798870CA}.ReleaseTrial|iPhone.ActiveCfg = Release|Any CPU
		{52C0D9D1-737D-4AB5-8D19-0A31798870CA}.ReleaseTrial|iPhone.Build.0 = Release|Any CPU
		{52C0D9D1-737D-4AB5-8D19-0A31798870CA}.ReleaseTrial|iPhoneSimulator.ActiveCfg = Release|Any CPU
		{52C0D9D1-737D-4AB5-8D19-0A31798870CA}.ReleaseTrial|iPhoneSimulator.Build.0 = Release|Any CPU
		{7E3547A7-4292-42E9-A509-71D50DCF157F}.Ad-Hoc|iPhone.ActiveCfg = Debug|Any CPU
		{7E3547A7-4292-42E9-A509-71D50DCF157F}.Ad-Hoc|iPhone.Build.0 = Debug|Any CPU
		{7E3547A7-4292-42E9-A509-71D50DCF157F}.AppStore|iPhone.ActiveCfg = Debug|Any CPU
		{7E3547A7-4292-42E9-A509-71D50DCF157F}.AppStore|iPhone.Build.0 = Debug|Any CPU
		{7E3547A7-4292-42E9-A509-71D50DCF157F}.AppStore|iPhoneSimulator.ActiveCfg = Debug|Any CPU
		{7E3547A7-4292-42E9-A509-71D50DCF157F}.AppStore|iPhoneSimulator.Build.0 = Debug|Any CPU
		{7E3547A7-4292-42E9-A509-71D50DCF157F}.Debug|Any CPU.ActiveCfg = Debug|Any CPU
		{7E3547A7-4292-42E9-A509-71D50DCF157F}.Debug|Any CPU.Build.0 = Debug|Any CPU
		{7E3547A7-4292-42E9-A509-71D50DCF157F}.Debug|iPhone.ActiveCfg = Debug|Any CPU
		{7E3547A7-4292-42E9-A509-71D50DCF157F}.Debug|iPhone.Build.0 = Debug|Any CPU
		{7E3547A7-4292-42E9-A509-71D50DCF157F}.Debug|iPhoneSimulator.ActiveCfg = Debug|Any CPU
		{7E3547A7-4292-42E9-A509-71D50DCF157F}.Debug|iPhoneSimulator.Build.0 = Debug|Any CPU
		{7E3547A7-4292-42E9-A509-71D50DCF157F}.DebugAndroid|Any CPU.ActiveCfg = Debug|Any CPU
		{7E3547A7-4292-42E9-A509-71D50DCF157F}.DebugAndroid|Any CPU.Build.0 = Debug|Any CPU
		{7E3547A7-4292-42E9-A509-71D50DCF157F}.DebugiOS|Any CPU.ActiveCfg = Release|Any CPU
		{7E3547A7-4292-42E9-A509-71D50DCF157F}.DebugiOS|Any CPU.Build.0 = Release|Any CPU
		{7E3547A7-4292-42E9-A509-71D50DCF157F}.DebugiOS|iPhone.ActiveCfg = Release|Any CPU
		{7E3547A7-4292-42E9-A509-71D50DCF157F}.DebugiOS|iPhone.Build.0 = Release|Any CPU
		{7E3547A7-4292-42E9-A509-71D50DCF157F}.DebugiOS|iPhoneSimulator.ActiveCfg = Release|Any CPU
		{7E3547A7-4292-42E9-A509-71D50DCF157F}.DebugiOS|iPhoneSimulator.Build.0 = Release|Any CPU
		{7E3547A7-4292-42E9-A509-71D50DCF157F}.Release|Any CPU.ActiveCfg = Release|Any CPU
		{7E3547A7-4292-42E9-A509-71D50DCF157F}.Release|Any CPU.Build.0 = Release|Any CPU
		{7E3547A7-4292-42E9-A509-71D50DCF157F}.Release|iPhone.ActiveCfg = Release|Any CPU
		{7E3547A7-4292-42E9-A509-71D50DCF157F}.Release|iPhone.Build.0 = Release|Any CPU
		{7E3547A7-4292-42E9-A509-71D50DCF157F}.Release|iPhoneSimulator.ActiveCfg = Release|Any CPU
		{7E3547A7-4292-42E9-A509-71D50DCF157F}.Release|iPhoneSimulator.Build.0 = Release|Any CPU
		{7E3547A7-4292-42E9-A509-71D50DCF157F}.ReleaseTrial|iPhone.ActiveCfg = Release|Any CPU
		{7E3547A7-4292-42E9-A509-71D50DCF157F}.ReleaseTrial|iPhone.Build.0 = Release|Any CPU
		{7E3547A7-4292-42E9-A509-71D50DCF157F}.ReleaseTrial|iPhoneSimulator.ActiveCfg = Release|Any CPU
		{7E3547A7-4292-42E9-A509-71D50DCF157F}.ReleaseTrial|iPhoneSimulator.Build.0 = Release|Any CPU
	EndGlobalSection
	GlobalSection(MonoDevelopProperties) = preSolution
		StartupItem = DSComponentsSample\DSComponentsSample.iOS-Classic.csproj
		description = DSComponents solution
		version = 2.6
	EndGlobalSection
EndGlobal
