
Microsoft Visual Studio Solution File, Format Version 11.00
# Visual Studio 2010
Project("{FAE04EC0-301F-11D3-BF4B-00C04F79EFBC}") = "DSoft.Datatypes", "DSoft.Datatypes\DSoft.Datatypes.csproj", "{43D8A430-2E61-4CEE-B42A-61DC175307B6}"
EndProject
Project("{FAE04EC0-301F-11D3-BF4B-00C04F79EFBC}") = "DSoft.Datatypes.Grid", "DSoft.Datatypes.Grid\DSoft.Datatypes.Grid.csproj", "{7E3547A7-4292-42E9-A509-71D50DCF157F}"
EndProject
Project("{FAE04EC0-301F-11D3-BF4B-00C04F79EFBC}") = "DSoft.Themes", "DSoft.Themes\DSoft.Themes.csproj", "{52C0D9D1-737D-4AB5-8D19-0A31798870CA}"
EndProject
Project("{FAE04EC0-301F-11D3-BF4B-00C04F79EFBC}") = "DSoft.UI.iOS", "DSoft.UI.iOS\DSoft.UI.iOS.csproj", "{792E63A8-59BC-4C4C-B033-E4376B5CECC2}"
EndProject
Project("{FAE04EC0-301F-11D3-BF4B-00C04F79EFBC}") = "DSoft.UI.Android", "DSoft.UI.Android\DSoft.UI.Android.csproj", "{E8132057-93D8-4FD0-9EBC-2E81E3409E6D}"
EndProject
Global
	GlobalSection(SolutionConfigurationPlatforms) = preSolution
		Debug|Any CPU = Debug|Any CPU
		Release|Any CPU = Release|Any CPU
		Debug|iPhoneSimulator = Debug|iPhoneSimulator
		Release|iPhoneSimulator = Release|iPhoneSimulator
		Debug|iPhone = Debug|iPhone
		Release|iPhone = Release|iPhone
		Ad-Hoc|iPhone = Ad-Hoc|iPhone
		AppStore|iPhone = AppStore|iPhone
		ReleaseTrial|iPhoneSimulator = ReleaseTrial|iPhoneSimulator
		ReleaseTrial|iPhone = ReleaseTrial|iPhone
		AppStore|iPhoneSimulator = AppStore|iPhoneSimulator
		DebugiOS|Any CPU = DebugiOS|Any CPU
		DebugiOS|iPhoneSimulator = DebugiOS|iPhoneSimulator
		DebugiOS|iPhone = DebugiOS|iPhone
		DebugAndroid|Any CPU = DebugAndroid|Any CPU
		ReleaseTrial|Any CPU = ReleaseTrial|Any CPU
	EndGlobalSection
	GlobalSection(ProjectConfigurationPlatforms) = postSolution
		{43D8A430-2E61-4CEE-B42A-61DC175307B6}.Ad-Hoc|iPhone.ActiveCfg = Debug|Any CPU
		{43D8A430-2E61-4CEE-B42A-61DC175307B6}.Ad-Hoc|iPhone.Build.0 = Debug|Any CPU
		{43D8A430-2E61-4CEE-B42A-61DC175307B6}.AppStore|iPhone.ActiveCfg = Debug|Any CPU
		{43D8A430-2E61-4CEE-B42A-61DC175307B6}.AppStore|iPhone.Build.0 = Debug|Any CPU
		{43D8A430-2E61-4CEE-B42A-61DC175307B6}.AppStore|iPhoneSimulator.ActiveCfg = Debug|Any CPU
		{43D8A430-2E61-4CEE-B42A-61DC175307B6}.AppStore|iPhoneSimulator.Build.0 = Debug|Any CPU
		{43D8A430-2E61-4CEE-B42A-61DC175307B6}.Debug|Any CPU.ActiveCfg = Debug|Any CPU
		{43D8A430-2E61-4CEE-B42A-61DC175307B6}.Debug|Any CPU.Build.0 = Debug|Any CPU
		{43D8A430-2E61-4CEE-B42A-61DC175307B6}.Debug|iPhone.ActiveCfg = Debug|Any CPU
		{43D8A430-2E61-4CEE-B42A-61DC175307B6}.Debug|iPhone.Build.0 = Debug|Any CPU
		{43D8A430-2E61-4CEE-B42A-61DC175307B6}.Debug|iPhoneSimulator.ActiveCfg = Debug|Any CPU
		{43D8A430-2E61-4CEE-B42A-61DC175307B6}.Debug|iPhoneSimulator.Build.0 = Debug|Any CPU
		{43D8A430-2E61-4CEE-B42A-61DC175307B6}.DebugAndroid|Any CPU.ActiveCfg = Debug|Any CPU
		{43D8A430-2E61-4CEE-B42A-61DC175307B6}.DebugAndroid|Any CPU.Build.0 = Debug|Any CPU
		{43D8A430-2E61-4CEE-B42A-61DC175307B6}.DebugiOS|Any CPU.ActiveCfg = DebugiOS|Any CPU
		{43D8A430-2E61-4CEE-B42A-61DC175307B6}.DebugiOS|Any CPU.Build.0 = DebugiOS|Any CPU
		{43D8A430-2E61-4CEE-B42A-61DC175307B6}.DebugiOS|iPhone.ActiveCfg = DebugiOS|iPhone
		{43D8A430-2E61-4CEE-B42A-61DC175307B6}.DebugiOS|iPhone.Build.0 = DebugiOS|iPhone
		{43D8A430-2E61-4CEE-B42A-61DC175307B6}.DebugiOS|iPhoneSimulator.ActiveCfg = DebugiOS|iPhoneSimulator
		{43D8A430-2E61-4CEE-B42A-61DC175307B6}.DebugiOS|iPhoneSimulator.Build.0 = DebugiOS|iPhoneSimulator
		{43D8A430-2E61-4CEE-B42A-61DC175307B6}.Release|Any CPU.ActiveCfg = Release|Any CPU
		{43D8A430-2E61-4CEE-B42A-61DC175307B6}.Release|Any CPU.Build.0 = Release|Any CPU
		{43D8A430-2E61-4CEE-B42A-61DC175307B6}.Release|iPhone.ActiveCfg = Release|Any CPU
		{43D8A430-2E61-4CEE-B42A-61DC175307B6}.Release|iPhone.Build.0 = Release|Any CPU
		{43D8A430-2E61-4CEE-B42A-61DC175307B6}.Release|iPhoneSimulator.ActiveCfg = Release|Any CPU
		{43D8A430-2E61-4CEE-B42A-61DC175307B6}.Release|iPhoneSimulator.Build.0 = Release|Any CPU
		{43D8A430-2E61-4CEE-B42A-61DC175307B6}.ReleaseTrial|Any CPU.ActiveCfg = Release|Any CPU
		{43D8A430-2E61-4CEE-B42A-61DC175307B6}.ReleaseTrial|Any CPU.Build.0 = Release|Any CPU
		{43D8A430-2E61-4CEE-B42A-61DC175307B6}.ReleaseTrial|iPhone.ActiveCfg = Release|Any CPU
		{43D8A430-2E61-4CEE-B42A-61DC175307B6}.ReleaseTrial|iPhone.Build.0 = Release|Any CPU
		{43D8A430-2E61-4CEE-B42A-61DC175307B6}.ReleaseTrial|iPhoneSimulator.ActiveCfg = Release|Any CPU
		{43D8A430-2E61-4CEE-B42A-61DC175307B6}.ReleaseTrial|iPhoneSimulator.Build.0 = Release|Any CPU
		{52C0D9D1-737D-4AB5-8D19-0A31798870CA}.Ad-Hoc|iPhone.ActiveCfg = Debug|Any CPU
		{52C0D9D1-737D-4AB5-8D19-0A31798870CA}.Ad-Hoc|iPhone.Build.0 = Debug|Any CPU
		{52C0D9D1-737D-4AB5-8D19-0A31798870CA}.AppStore|iPhone.ActiveCfg = Debug|Any CPU
		{52C0D9D1-737D-4AB5-8D19-0A31798870CA}.AppStore|iPhone.Build.0 = Debug|Any CPU
		{52C0D9D1-737D-4AB5-8D19-0A31798870CA}.AppStore|iPhoneSimulator.ActiveCfg = Debug|Any CPU
		{52C0D9D1-737D-4AB5-8D19-0A31798870CA}.AppStore|iPhoneSimulator.Build.0 = Debug|Any CPU
		{52C0D9D1-737D-4AB5-8D19-0A31798870CA}.Debug|Any CPU.ActiveCfg = Debug|Any CPU
		{52C0D9D1-737D-4AB5-8D19-0A31798870CA}.Debug|Any CPU.Build.0 = Debug|Any CPU
		{52C0D9D1-737D-4AB5-8D19-0A31798870CA}.Debug|iPhone.ActiveCfg = Debug|Any CPU
		{52C0D9D1-737D-4AB5-8D19-0A31798870CA}.Debug|iPhone.Build.0 = Debug|Any CPU
		{52C0D9D1-737D-4AB5-8D19-0A31798870CA}.Debug|iPhoneSimulator.ActiveCfg = Debug|Any CPU
		{52C0D9D1-737D-4AB5-8D19-0A31798870CA}.Debug|iPhoneSimulator.Build.0 = Debug|Any CPU
		{52C0D9D1-737D-4AB5-8D19-0A31798870CA}.DebugAndroid|Any CPU.ActiveCfg = Debug|Any CPU
		{52C0D9D1-737D-4AB5-8D19-0A31798870CA}.DebugAndroid|Any CPU.Build.0 = Debug|Any CPU
		{52C0D9D1-737D-4AB5-8D19-0A31798870CA}.DebugiOS|Any CPU.ActiveCfg = Release|Any CPU
		{52C0D9D1-737D-4AB5-8D19-0A31798870CA}.DebugiOS|Any CPU.Build.0 = Release|Any CPU
		{52C0D9D1-737D-4AB5-8D19-0A31798870CA}.DebugiOS|iPhone.ActiveCfg = Release|Any CPU
		{52C0D9D1-737D-4AB5-8D19-0A31798870CA}.DebugiOS|iPhone.Build.0 = Release|Any CPU
		{52C0D9D1-737D-4AB5-8D19-0A31798870CA}.DebugiOS|iPhoneSimulator.ActiveCfg = Release|Any CPU
		{52C0D9D1-737D-4AB5-8D19-0A31798870CA}.DebugiOS|iPhoneSimulator.Build.0 = Release|Any CPU
		{52C0D9D1-737D-4AB5-8D19-0A31798870CA}.Release|Any CPU.ActiveCfg = Release|Any CPU
		{52C0D9D1-737D-4AB5-8D19-0A31798870CA}.Release|Any CPU.Build.0 = Release|Any CPU
		{52C0D9D1-737D-4AB5-8D19-0A31798870CA}.Release|iPhone.ActiveCfg = Release|Any CPU
		{52C0D9D1-737D-4AB5-8D19-0A31798870CA}.Release|iPhone.Build.0 = Release|Any CPU
		{52C0D9D1-737D-4AB5-8D19-0A31798870CA}.Release|iPhoneSimulator.ActiveCfg = Release|Any CPU
		{52C0D9D1-737D-4AB5-8D19-0A31798870CA}.Release|iPhoneSimulator.Build.0 = Release|Any CPU
		{52C0D9D1-737D-4AB5-8D19-0A31798870CA}.ReleaseTrial|Any CPU.ActiveCfg = Release|Any CPU
		{52C0D9D1-737D-4AB5-8D19-0A31798870CA}.ReleaseTrial|Any CPU.Build.0 = Release|Any CPU
		{52C0D9D1-737D-4AB5-8D19-0A31798870CA}.ReleaseTrial|iPhone.ActiveCfg = Release|Any CPU
		{52C0D9D1-737D-4AB5-8D19-0A31798870CA}.ReleaseTrial|iPhone.Build.0 = Release|Any CPU
		{52C0D9D1-737D-4AB5-8D19-0A31798870CA}.ReleaseTrial|iPhoneSimulator.ActiveCfg = Release|Any CPU
		{52C0D9D1-737D-4AB5-8D19-0A31798870CA}.ReleaseTrial|iPhoneSimulator.Build.0 = Release|Any CPU
		{792E63A8-59BC-4C4C-B033-E4376B5CECC2}.Ad-Hoc|iPhone.ActiveCfg = Debug|Any CPU
		{792E63A8-59BC-4C4C-B033-E4376B5CECC2}.Ad-Hoc|iPhone.Build.0 = Debug|Any CPU
		{792E63A8-59BC-4C4C-B033-E4376B5CECC2}.AppStore|iPhone.ActiveCfg = Debug|Any CPU
		{792E63A8-59BC-4C4C-B033-E4376B5CECC2}.AppStore|iPhone.Build.0 = Debug|Any CPU
		{792E63A8-59BC-4C4C-B033-E4376B5CECC2}.AppStore|iPhoneSimulator.ActiveCfg = Debug|Any CPU
		{792E63A8-59BC-4C4C-B033-E4376B5CECC2}.AppStore|iPhoneSimulator.Build.0 = Debug|Any CPU
		{792E63A8-59BC-4C4C-B033-E4376B5CECC2}.Debug|Any CPU.ActiveCfg = Debug|Any CPU
		{792E63A8-59BC-4C4C-B033-E4376B5CECC2}.Debug|Any CPU.Build.0 = Debug|Any CPU
		{792E63A8-59BC-4C4C-B033-E4376B5CECC2}.Debug|iPhone.ActiveCfg = Debug|Any CPU
		{792E63A8-59BC-4C4C-B033-E4376B5CECC2}.Debug|iPhone.Build.0 = Debug|Any CPU
		{792E63A8-59BC-4C4C-B033-E4376B5CECC2}.Debug|iPhoneSimulator.ActiveCfg = Debug|Any CPU
		{792E63A8-59BC-4C4C-B033-E4376B5CECC2}.Debug|iPhoneSimulator.Build.0 = Debug|Any CPU
		{792E63A8-59BC-4C4C-B033-E4376B5CECC2}.DebugAndroid|Any CPU.ActiveCfg = Debug|Any CPU
		{792E63A8-59BC-4C4C-B033-E4376B5CECC2}.DebugAndroid|Any CPU.Build.0 = Debug|Any CPU
		{792E63A8-59BC-4C4C-B033-E4376B5CECC2}.DebugiOS|Any CPU.ActiveCfg = Release|Any CPU
		{792E63A8-59BC-4C4C-B033-E4376B5CECC2}.DebugiOS|Any CPU.Build.0 = Release|Any CPU
		{792E63A8-59BC-4C4C-B033-E4376B5CECC2}.DebugiOS|iPhone.ActiveCfg = Release|Any CPU
		{792E63A8-59BC-4C4C-B033-E4376B5CECC2}.DebugiOS|iPhone.Build.0 = Release|Any CPU
		{792E63A8-59BC-4C4C-B033-E4376B5CECC2}.DebugiOS|iPhoneSimulator.ActiveCfg = Release|Any CPU
		{792E63A8-59BC-4C4C-B033-E4376B5CECC2}.DebugiOS|iPhoneSimulator.Build.0 = Release|Any CPU
		{792E63A8-59BC-4C4C-B033-E4376B5CECC2}.Release|Any CPU.ActiveCfg = Release|Any CPU
		{792E63A8-59BC-4C4C-B033-E4376B5CECC2}.Release|Any CPU.Build.0 = Release|Any CPU
		{792E63A8-59BC-4C4C-B033-E4376B5CECC2}.Release|iPhone.ActiveCfg = Release|Any CPU
		{792E63A8-59BC-4C4C-B033-E4376B5CECC2}.Release|iPhone.Build.0 = Release|Any CPU
		{792E63A8-59BC-4C4C-B033-E4376B5CECC2}.Release|iPhoneSimulator.ActiveCfg = Release|Any CPU
		{792E63A8-59BC-4C4C-B033-E4376B5CECC2}.Release|iPhoneSimulator.Build.0 = Release|Any CPU
		{792E63A8-59BC-4C4C-B033-E4376B5CECC2}.ReleaseTrial|Any CPU.ActiveCfg = ReleaseTrial|Any CPU
		{792E63A8-59BC-4C4C-B033-E4376B5CECC2}.ReleaseTrial|Any CPU.Build.0 = ReleaseTrial|Any CPU
		{792E63A8-59BC-4C4C-B033-E4376B5CECC2}.ReleaseTrial|iPhone.ActiveCfg = ReleaseTrial|Any CPU
		{792E63A8-59BC-4C4C-B033-E4376B5CECC2}.ReleaseTrial|iPhone.Build.0 = ReleaseTrial|Any CPU
		{792E63A8-59BC-4C4C-B033-E4376B5CECC2}.ReleaseTrial|iPhoneSimulator.ActiveCfg = ReleaseTrial|Any CPU
		{792E63A8-59BC-4C4C-B033-E4376B5CECC2}.ReleaseTrial|iPhoneSimulator.Build.0 = ReleaseTrial|Any CPU
		{7E3547A7-4292-42E9-A509-71D50DCF157F}.Ad-Hoc|iPhone.ActiveCfg = Debug|Any CPU
		{7E3547A7-4292-42E9-A509-71D50DCF157F}.Ad-Hoc|iPhone.Build.0 = Debug|Any CPU
		{7E3547A7-4292-42E9-A509-71D50DCF157F}.AppStore|iPhone.ActiveCfg = Debug|Any CPU
		{7E3547A7-4292-42E9-A509-71D50DCF157F}.AppStore|iPhone.Build.0 = Debug|Any CPU
		{7E3547A7-4292-42E9-A509-71D50DCF157F}.AppStore|iPhoneSimulator.ActiveCfg = Debug|Any CPU
		{7E3547A7-4292-42E9-A509-71D50DCF157F}.AppStore|iPhoneSimulator.Build.0 = Debug|Any CPU
		{7E3547A7-4292-42E9-A509-71D50DCF157F}.Debug|Any CPU.ActiveCfg = Debug|Any CPU
		{7E3547A7-4292-42E9-A509-71D50DCF157F}.Debug|Any CPU.Build.0 = Debug|Any CPU
		{7E3547A7-4292-42E9-A509-71D50DCF157F}.Debug|iPhone.ActiveCfg = Debug|Any CPU
		{7E3547A7-4292-42E9-A509-71D50DCF157F}.Debug|iPhone.Build.0 = Debug|Any CPU
		{7E3547A7-4292-42E9-A509-71D50DCF157F}.Debug|iPhoneSimulator.ActiveCfg = Debug|Any CPU
		{7E3547A7-4292-42E9-A509-71D50DCF157F}.Debug|iPhoneSimulator.Build.0 = Debug|Any CPU
		{7E3547A7-4292-42E9-A509-71D50DCF157F}.DebugAndroid|Any CPU.ActiveCfg = Debug|Any CPU
		{7E3547A7-4292-42E9-A509-71D50DCF157F}.DebugAndroid|Any CPU.Build.0 = Debug|Any CPU
		{7E3547A7-4292-42E9-A509-71D50DCF157F}.DebugiOS|Any CPU.ActiveCfg = Release|Any CPU
		{7E3547A7-4292-42E9-A509-71D50DCF157F}.DebugiOS|Any CPU.Build.0 = Release|Any CPU
		{7E3547A7-4292-42E9-A509-71D50DCF157F}.DebugiOS|iPhone.ActiveCfg = Release|Any CPU
		{7E3547A7-4292-42E9-A509-71D50DCF157F}.DebugiOS|iPhone.Build.0 = Release|Any CPU
		{7E3547A7-4292-42E9-A509-71D50DCF157F}.DebugiOS|iPhoneSimulator.ActiveCfg = Release|Any CPU
		{7E3547A7-4292-42E9-A509-71D50DCF157F}.DebugiOS|iPhoneSimulator.Build.0 = Release|Any CPU
		{7E3547A7-4292-42E9-A509-71D50DCF157F}.Release|Any CPU.ActiveCfg = Release|Any CPU
		{7E3547A7-4292-42E9-A509-71D50DCF157F}.Release|Any CPU.Build.0 = Release|Any CPU
		{7E3547A7-4292-42E9-A509-71D50DCF157F}.Release|iPhone.ActiveCfg = Release|Any CPU
		{7E3547A7-4292-42E9-A509-71D50DCF157F}.Release|iPhone.Build.0 = Release|Any CPU
		{7E3547A7-4292-42E9-A509-71D50DCF157F}.Release|iPhoneSimulator.ActiveCfg = Release|Any CPU
		{7E3547A7-4292-42E9-A509-71D50DCF157F}.Release|iPhoneSimulator.Build.0 = Release|Any CPU
		{7E3547A7-4292-42E9-A509-71D50DCF157F}.ReleaseTrial|Any CPU.ActiveCfg = Release|Any CPU
		{7E3547A7-4292-42E9-A509-71D50DCF157F}.ReleaseTrial|Any CPU.Build.0 = Release|Any CPU
		{7E3547A7-4292-42E9-A509-71D50DCF157F}.ReleaseTrial|iPhone.ActiveCfg = Release|Any CPU
		{7E3547A7-4292-42E9-A509-71D50DCF157F}.ReleaseTrial|iPhone.Build.0 = Release|Any CPU
		{7E3547A7-4292-42E9-A509-71D50DCF157F}.ReleaseTrial|iPhoneSimulator.ActiveCfg = Release|Any CPU
		{7E3547A7-4292-42E9-A509-71D50DCF157F}.ReleaseTrial|iPhoneSimulator.Build.0 = Release|Any CPU
		{E8132057-93D8-4FD0-9EBC-2E81E3409E6D}.Ad-Hoc|iPhone.ActiveCfg = Debug|Any CPU
		{E8132057-93D8-4FD0-9EBC-2E81E3409E6D}.Ad-Hoc|iPhone.Build.0 = Debug|Any CPU
		{E8132057-93D8-4FD0-9EBC-2E81E3409E6D}.AppStore|iPhone.ActiveCfg = Debug|Any CPU
		{E8132057-93D8-4FD0-9EBC-2E81E3409E6D}.AppStore|iPhone.Build.0 = Debug|Any CPU
		{E8132057-93D8-4FD0-9EBC-2E81E3409E6D}.AppStore|iPhoneSimulator.ActiveCfg = Debug|Any CPU
		{E8132057-93D8-4FD0-9EBC-2E81E3409E6D}.AppStore|iPhoneSimulator.Build.0 = Debug|Any CPU
		{E8132057-93D8-4FD0-9EBC-2E81E3409E6D}.Debug|Any CPU.ActiveCfg = Debug|Any CPU
		{E8132057-93D8-4FD0-9EBC-2E81E3409E6D}.Debug|Any CPU.Build.0 = Debug|Any CPU
		{E8132057-93D8-4FD0-9EBC-2E81E3409E6D}.Debug|iPhone.ActiveCfg = Debug|Any CPU
		{E8132057-93D8-4FD0-9EBC-2E81E3409E6D}.Debug|iPhone.Build.0 = Debug|Any CPU
		{E8132057-93D8-4FD0-9EBC-2E81E3409E6D}.Debug|iPhoneSimulator.ActiveCfg = Debug|Any CPU
		{E8132057-93D8-4FD0-9EBC-2E81E3409E6D}.Debug|iPhoneSimulator.Build.0 = Debug|Any CPU
		{E8132057-93D8-4FD0-9EBC-2E81E3409E6D}.DebugAndroid|Any CPU.ActiveCfg = Debug|Any CPU
		{E8132057-93D8-4FD0-9EBC-2E81E3409E6D}.DebugAndroid|Any CPU.Build.0 = Debug|Any CPU
		{E8132057-93D8-4FD0-9EBC-2E81E3409E6D}.DebugiOS|Any CPU.ActiveCfg = Release|Any CPU
		{E8132057-93D8-4FD0-9EBC-2E81E3409E6D}.DebugiOS|Any CPU.Build.0 = Release|Any CPU
		{E8132057-93D8-4FD0-9EBC-2E81E3409E6D}.DebugiOS|iPhone.ActiveCfg = Release|Any CPU
		{E8132057-93D8-4FD0-9EBC-2E81E3409E6D}.DebugiOS|iPhone.Build.0 = Release|Any CPU
		{E8132057-93D8-4FD0-9EBC-2E81E3409E6D}.DebugiOS|iPhoneSimulator.ActiveCfg = Release|Any CPU
		{E8132057-93D8-4FD0-9EBC-2E81E3409E6D}.DebugiOS|iPhoneSimulator.Build.0 = Release|Any CPU
		{E8132057-93D8-4FD0-9EBC-2E81E3409E6D}.Release|Any CPU.ActiveCfg = Release|Any CPU
		{E8132057-93D8-4FD0-9EBC-2E81E3409E6D}.Release|Any CPU.Build.0 = Release|Any CPU
		{E8132057-93D8-4FD0-9EBC-2E81E3409E6D}.Release|iPhone.ActiveCfg = Release|Any CPU
		{E8132057-93D8-4FD0-9EBC-2E81E3409E6D}.Release|iPhone.Build.0 = Release|Any CPU
		{E8132057-93D8-4FD0-9EBC-2E81E3409E6D}.Release|iPhoneSimulator.ActiveCfg = Release|Any CPU
		{E8132057-93D8-4FD0-9EBC-2E81E3409E6D}.Release|iPhoneSimulator.Build.0 = Release|Any CPU
		{E8132057-93D8-4FD0-9EBC-2E81E3409E6D}.ReleaseTrial|Any CPU.ActiveCfg = ReleaseTrial|Any CPU
		{E8132057-93D8-4FD0-9EBC-2E81E3409E6D}.ReleaseTrial|Any CPU.Build.0 = ReleaseTrial|Any CPU
		{E8132057-93D8-4FD0-9EBC-2E81E3409E6D}.ReleaseTrial|iPhone.ActiveCfg = ReleaseTrial|Any CPU
		{E8132057-93D8-4FD0-9EBC-2E81E3409E6D}.ReleaseTrial|iPhone.Build.0 = ReleaseTrial|Any CPU
		{E8132057-93D8-4FD0-9EBC-2E81E3409E6D}.ReleaseTrial|iPhoneSimulator.ActiveCfg = ReleaseTrial|Any CPU
		{E8132057-93D8-4FD0-9EBC-2E81E3409E6D}.ReleaseTrial|iPhoneSimulator.Build.0 = ReleaseTrial|Any CPU
	EndGlobalSection
	GlobalSection(MonoDevelopProperties) = preSolution
		StartupItem = DSoft.Datatypes\DSoft.Datatypes.csproj
		description = DSComponents solution
		version = 3.0
	EndGlobalSection
EndGlobal
